
Microsoft Visual Studio Solution File, Format Version 12.00
# Visual Studio Version 16
VisualStudioVersion = 16.0.31112.23
MinimumVisualStudioVersion = 10.0.40219.1
Project("{9A19103F-16F7-4668-BE54-9A1E7A4F7556}") = "IDP", "src\IDP\IDP.csproj", "{DA894D47-C0E5-471D-9F59-DBA2F8EA88D5}"
EndProject
Project("{2150E333-8FDC-42A3-9474-1A3956D46DE8}") = "src", "src", "{2DE31D98-F176-4D4B-ACFD-632CC29F44C9}"
	ProjectSection(SolutionItems) = preProject
		ZombieCode.txt = ZombieCode.txt
	EndProjectSection
EndProject
Project("{9A19103F-16F7-4668-BE54-9A1E7A4F7556}") = "WebShop", "src\WebShop\WebShop.csproj", "{9B33B019-4EBF-4453-BB52-56055E0B8A04}"
EndProject
Project("{9A19103F-16F7-4668-BE54-9A1E7A4F7556}") = "MVC", "src\MVC\MVC.csproj", "{1EB2536D-8B07-434E-AE53-B95E8CA19369}"
EndProject
Project("{9A19103F-16F7-4668-BE54-9A1E7A4F7556}") = "APIGateway2", "src\APIGateway2\APIGateway2.csproj", "{EB0FEA5E-AEFE-4A0F-A5B7-A90F661CEC10}"
EndProject
Project("{9A19103F-16F7-4668-BE54-9A1E7A4F7556}") = "APIGatewayDomain", "src\APIGatewayDomain\APIGatewayDomain.csproj", "{9D0FCFBE-2989-4E26-AA62-12F5D8F7C589}"
EndProject
Project("{9A19103F-16F7-4668-BE54-9A1E7A4F7556}") = "APIGateway1", "src\APIGateway1\APIGateway1.csproj", "{1CA871FC-37AA-4AB4-A5B8-1079BF2B6FDC}"
EndProject
Project("{9A19103F-16F7-4668-BE54-9A1E7A4F7556}") = "API_Forest", "src\API_Forest\API_Forest.csproj", "{57F706BC-BD3D-4E5B-AC4B-14049F918FF0}"
EndProject
Project("{9A19103F-16F7-4668-BE54-9A1E7A4F7556}") = "API_Mountain", "src\API_Mountain\API_Mountain.csproj", "{BCD4DD09-DF17-4F21-BC97-367D93A4F425}"
EndProject
Project("{9A19103F-16F7-4668-BE54-9A1E7A4F7556}") = "API_Desert", "src\API_Desert\API_Desert.csproj", "{D2F6053C-F85F-4D46-A2C9-9CD3612C2196}"
EndProject
Project("{2150E333-8FDC-42A3-9474-1A3956D46DE8}") = "Logs", "Logs", "{3CA6515E-191E-4901-88F0-6466BC3F39BC}"
EndProject
Project("{9A19103F-16F7-4668-BE54-9A1E7A4F7556}") = "Common", "src\Common\Common.csproj", "{5647F34D-C90E-4123-AA11-B89925ED19A3}"
EndProject
Global
	GlobalSection(SolutionConfigurationPlatforms) = preSolution
		Debug|Any CPU = Debug|Any CPU
		Release|Any CPU = Release|Any CPU
	EndGlobalSection
	GlobalSection(ProjectConfigurationPlatforms) = postSolution
		{DA894D47-C0E5-471D-9F59-DBA2F8EA88D5}.Debug|Any CPU.ActiveCfg = Debug|Any CPU
		{DA894D47-C0E5-471D-9F59-DBA2F8EA88D5}.Debug|Any CPU.Build.0 = Debug|Any CPU
		{DA894D47-C0E5-471D-9F59-DBA2F8EA88D5}.Release|Any CPU.ActiveCfg = Release|Any CPU
		{DA894D47-C0E5-471D-9F59-DBA2F8EA88D5}.Release|Any CPU.Build.0 = Release|Any CPU
		{9B33B019-4EBF-4453-BB52-56055E0B8A04}.Debug|Any CPU.ActiveCfg = Debug|Any CPU
		{9B33B019-4EBF-4453-BB52-56055E0B8A04}.Debug|Any CPU.Build.0 = Debug|Any CPU
		{9B33B019-4EBF-4453-BB52-56055E0B8A04}.Release|Any CPU.ActiveCfg = Release|Any CPU
		{9B33B019-4EBF-4453-BB52-56055E0B8A04}.Release|Any CPU.Build.0 = Release|Any CPU
		{1EB2536D-8B07-434E-AE53-B95E8CA19369}.Debug|Any CPU.ActiveCfg = Debug|Any CPU
		{1EB2536D-8B07-434E-AE53-B95E8CA19369}.Debug|Any CPU.Build.0 = Debug|Any CPU
		{1EB2536D-8B07-434E-AE53-B95E8CA19369}.Release|Any CPU.ActiveCfg = Release|Any CPU
		{1EB2536D-8B07-434E-AE53-B95E8CA19369}.Release|Any CPU.Build.0 = Release|Any CPU
		{EB0FEA5E-AEFE-4A0F-A5B7-A90F661CEC10}.Debug|Any CPU.ActiveCfg = Debug|Any CPU
		{EB0FEA5E-AEFE-4A0F-A5B7-A90F661CEC10}.Debug|Any CPU.Build.0 = Debug|Any CPU
		{EB0FEA5E-AEFE-4A0F-A5B7-A90F661CEC10}.Release|Any CPU.ActiveCfg = Release|Any CPU
		{EB0FEA5E-AEFE-4A0F-A5B7-A90F661CEC10}.Release|Any CPU.Build.0 = Release|Any CPU
		{9D0FCFBE-2989-4E26-AA62-12F5D8F7C589}.Debug|Any CPU.ActiveCfg = Debug|Any CPU
		{9D0FCFBE-2989-4E26-AA62-12F5D8F7C589}.Debug|Any CPU.Build.0 = Debug|Any CPU
		{9D0FCFBE-2989-4E26-AA62-12F5D8F7C589}.Release|Any CPU.ActiveCfg = Release|Any CPU
		{9D0FCFBE-2989-4E26-AA62-12F5D8F7C589}.Release|Any CPU.Build.0 = Release|Any CPU
		{1CA871FC-37AA-4AB4-A5B8-1079BF2B6FDC}.Debug|Any CPU.ActiveCfg = Debug|Any CPU
		{1CA871FC-37AA-4AB4-A5B8-1079BF2B6FDC}.Debug|Any CPU.Build.0 = Debug|Any CPU
		{1CA871FC-37AA-4AB4-A5B8-1079BF2B6FDC}.Release|Any CPU.ActiveCfg = Release|Any CPU
		{1CA871FC-37AA-4AB4-A5B8-1079BF2B6FDC}.Release|Any CPU.Build.0 = Release|Any CPU
		{57F706BC-BD3D-4E5B-AC4B-14049F918FF0}.Debug|Any CPU.ActiveCfg = Debug|Any CPU
		{57F706BC-BD3D-4E5B-AC4B-14049F918FF0}.Debug|Any CPU.Build.0 = Debug|Any CPU
		{57F706BC-BD3D-4E5B-AC4B-14049F918FF0}.Release|Any CPU.ActiveCfg = Release|Any CPU
		{57F706BC-BD3D-4E5B-AC4B-14049F918FF0}.Release|Any CPU.Build.0 = Release|Any CPU
		{BCD4DD09-DF17-4F21-BC97-367D93A4F425}.Debug|Any CPU.ActiveCfg = Debug|Any CPU
		{BCD4DD09-DF17-4F21-BC97-367D93A4F425}.Debug|Any CPU.Build.0 = Debug|Any CPU
		{BCD4DD09-DF17-4F21-BC97-367D93A4F425}.Release|Any CPU.ActiveCfg = Release|Any CPU
		{BCD4DD09-DF17-4F21-BC97-367D93A4F425}.Release|Any CPU.Build.0 = Release|Any CPU
		{D2F6053C-F85F-4D46-A2C9-9CD3612C2196}.Debug|Any CPU.ActiveCfg = Debug|Any CPU
		{D2F6053C-F85F-4D46-A2C9-9CD3612C2196}.Debug|Any CPU.Build.0 = Debug|Any CPU
		{D2F6053C-F85F-4D46-A2C9-9CD3612C2196}.Release|Any CPU.ActiveCfg = Release|Any CPU
		{D2F6053C-F85F-4D46-A2C9-9CD3612C2196}.Release|Any CPU.Build.0 = Release|Any CPU
		{5647F34D-C90E-4123-AA11-B89925ED19A3}.Debug|Any CPU.ActiveCfg = Debug|Any CPU
		{5647F34D-C90E-4123-AA11-B89925ED19A3}.Debug|Any CPU.Build.0 = Debug|Any CPU
		{5647F34D-C90E-4123-AA11-B89925ED19A3}.Release|Any CPU.ActiveCfg = Release|Any CPU
		{5647F34D-C90E-4123-AA11-B89925ED19A3}.Release|Any CPU.Build.0 = Release|Any CPU
	EndGlobalSection
	GlobalSection(SolutionProperties) = preSolution
		HideSolutionNode = FALSE
	EndGlobalSection
	GlobalSection(NestedProjects) = preSolution
		{DA894D47-C0E5-471D-9F59-DBA2F8EA88D5} = {2DE31D98-F176-4D4B-ACFD-632CC29F44C9}
		{9B33B019-4EBF-4453-BB52-56055E0B8A04} = {2DE31D98-F176-4D4B-ACFD-632CC29F44C9}
		{1EB2536D-8B07-434E-AE53-B95E8CA19369} = {2DE31D98-F176-4D4B-ACFD-632CC29F44C9}
		{EB0FEA5E-AEFE-4A0F-A5B7-A90F661CEC10} = {2DE31D98-F176-4D4B-ACFD-632CC29F44C9}
		{9D0FCFBE-2989-4E26-AA62-12F5D8F7C589} = {2DE31D98-F176-4D4B-ACFD-632CC29F44C9}
		{1CA871FC-37AA-4AB4-A5B8-1079BF2B6FDC} = {2DE31D98-F176-4D4B-ACFD-632CC29F44C9}
		{57F706BC-BD3D-4E5B-AC4B-14049F918FF0} = {2DE31D98-F176-4D4B-ACFD-632CC29F44C9}
		{BCD4DD09-DF17-4F21-BC97-367D93A4F425} = {2DE31D98-F176-4D4B-ACFD-632CC29F44C9}
		{D2F6053C-F85F-4D46-A2C9-9CD3612C2196} = {2DE31D98-F176-4D4B-ACFD-632CC29F44C9}
		{5647F34D-C90E-4123-AA11-B89925ED19A3} = {2DE31D98-F176-4D4B-ACFD-632CC29F44C9}
	EndGlobalSection
	GlobalSection(ExtensibilityGlobals) = postSolution
		SolutionGuid = {87418C65-DF4E-4DCE-9F4D-B325DC52B05D}
	EndGlobalSection
EndGlobal
